// !$*UTF8*$!
{
	archiveVersion = 1;
	classes = {
	};
	objectVersion = 50;
	objects = {

/* Begin PBXBuildFile section */
		30026E9623E9B7A1000113FA /* AppDelegate.swift in Sources */ = {isa = PBXBuildFile; fileRef = 30026E9523E9B7A1000113FA /* AppDelegate.swift */; };
		30026E9823E9B7A1000113FA /* SceneDelegate.swift in Sources */ = {isa = PBXBuildFile; fileRef = 30026E9723E9B7A1000113FA /* SceneDelegate.swift */; };
		30026E9D23E9B7A1000113FA /* Main.storyboard in Resources */ = {isa = PBXBuildFile; fileRef = 30026E9B23E9B7A1000113FA /* Main.storyboard */; };
		30026E9F23E9B7A3000113FA /* Assets.xcassets in Resources */ = {isa = PBXBuildFile; fileRef = 30026E9E23E9B7A3000113FA /* Assets.xcassets */; };
		30026EA223E9B7A3000113FA /* LaunchScreen.storyboard in Resources */ = {isa = PBXBuildFile; fileRef = 30026EA023E9B7A3000113FA /* LaunchScreen.storyboard */; };
		309209BF23EA101B0022A179 /* ViewController.swift in Sources */ = {isa = PBXBuildFile; fileRef = 309209BE23EA101B0022A179 /* ViewController.swift */; };
/* End PBXBuildFile section */

/* Begin PBXFileReference section */
		30026E9223E9B7A1000113FA /* KeyBoardHandlingLab.app */ = {isa = PBXFileReference; explicitFileType = wrapper.application; includeInIndex = 0; path = KeyBoardHandlingLab.app; sourceTree = BUILT_PRODUCTS_DIR; };
		30026E9523E9B7A1000113FA /* AppDelegate.swift */ = {isa = PBXFileReference; lastKnownFileType = sourcecode.swift; path = AppDelegate.swift; sourceTree = "<group>"; };
		30026E9723E9B7A1000113FA /* SceneDelegate.swift */ = {isa = PBXFileReference; lastKnownFileType = sourcecode.swift; path = SceneDelegate.swift; sourceTree = "<group>"; };
		30026E9C23E9B7A1000113FA /* Base */ = {isa = PBXFileReference; lastKnownFileType = file.storyboard; name = Base; path = Base.lproj/Main.storyboard; sourceTree = "<group>"; };
		30026E9E23E9B7A3000113FA /* Assets.xcassets */ = {isa = PBXFileReference; lastKnownFileType = folder.assetcatalog; path = Assets.xcassets; sourceTree = "<group>"; };
		30026EA123E9B7A3000113FA /* Base */ = {isa = PBXFileReference; lastKnownFileType = file.storyboard; name = Base; path = Base.lproj/LaunchScreen.storyboard; sourceTree = "<group>"; };
		30026EA323E9B7A3000113FA /* Info.plist */ = {isa = PBXFileReference; lastKnownFileType = text.plist.xml; path = Info.plist; sourceTree = "<group>"; };
		309209BE23EA101B0022A179 /* ViewController.swift */ = {isa = PBXFileReference; lastKnownFileType = sourcecode.swift; path = ViewController.swift; sourceTree = "<group>"; };
/* End PBXFileReference section */

/* Begin PBXFrameworksBuildPhase section */
		30026E8F23E9B7A1000113FA /* Frameworks */ = {
			isa = PBXFrameworksBuildPhase;
			buildActionMask = 2147483647;
			files = (
			);
			runOnlyForDeploymentPostprocessing = 0;
		};
/* End PBXFrameworksBuildPhase section */

/* Begin PBXGroup section */
		30026E8923E9B7A1000113FA = {
			isa = PBXGroup;
			children = (
				30026E9423E9B7A1000113FA /* KeyBoardHandlingLab */,
				30026E9323E9B7A1000113FA /* Products */,
			);
			sourceTree = "<group>";
		};
		30026E9323E9B7A1000113FA /* Products */ = {
			isa = PBXGroup;
			children = (
				30026E9223E9B7A1000113FA /* KeyBoardHandlingLab.app */,
			);
			name = Products;
			sourceTree = "<group>";
		};
		30026E9423E9B7A1000113FA /* KeyBoardHandlingLab */ = {
			isa = PBXGroup;
			children = (
				30026E9523E9B7A1000113FA /* AppDelegate.swift */,
				30026E9723E9B7A1000113FA /* SceneDelegate.swift */,
				309209BE23EA101B0022A179 /* ViewController.swift */,
				30026E9B23E9B7A1000113FA /* Main.storyboard */,
				30026E9E23E9B7A3000113FA /* Assets.xcassets */,
				30026EA023E9B7A3000113FA /* LaunchScreen.storyboard */,
				30026EA323E9B7A3000113FA /* Info.plist */,
			);
			path = KeyBoardHandlingLab;
			sourceTree = "<group>";
		};
/* End PBXGroup section */

/* Begin PBXNativeTarget section */
		30026E9123E9B7A1000113FA /* KeyBoardHandlingLab */ = {
			isa = PBXNativeTarget;
			buildConfigurationList = 30026EA623E9B7A3000113FA /* Build configuration list for PBXNativeTarget "KeyBoardHandlingLab" */;
			buildPhases = (
				30026E8E23E9B7A1000113FA /* Sources */,
				30026E8F23E9B7A1000113FA /* Frameworks */,
				30026E9023E9B7A1000113FA /* Resources */,
			);
			buildRules = (
			);
			dependencies = (
			);
			name = KeyBoardHandlingLab;
			productName = KeyBoardHandlingLab;
			productReference = 30026E9223E9B7A1000113FA /* KeyBoardHandlingLab.app */;
			productType = "com.apple.product-type.application";
		};
/* End PBXNativeTarget section */

/* Begin PBXProject section */
		30026E8A23E9B7A1000113FA /* Project object */ = {
			isa = PBXProject;
			attributes = {
				LastSwiftUpdateCheck = 1130;
				LastUpgradeCheck = 1130;
				ORGANIZATIONNAME = "Jaheed Haynes";
				TargetAttributes = {
					30026E9123E9B7A1000113FA = {
						CreatedOnToolsVersion = 11.3;
					};
				};
			};
			buildConfigurationList = 30026E8D23E9B7A1000113FA /* Build configuration list for PBXProject "KeyBoardHandlingLab" */;
			compatibilityVersion = "Xcode 9.3";
			developmentRegion = en;
			hasScannedForEncodings = 0;
			knownRegions = (
				en,
				Base,
			);
			mainGroup = 30026E8923E9B7A1000113FA;
			productRefGroup = 30026E9323E9B7A1000113FA /* Products */;
			projectDirPath = "";
			projectRoot = "";
			targets = (
				30026E9123E9B7A1000113FA /* KeyBoardHandlingLab */,
			);
		};
/* End PBXProject section */

/* Begin PBXResourcesBuildPhase section */
		30026E9023E9B7A1000113FA /* Resources */ = {
			isa = PBXResourcesBuildPhase;
			buildActionMask = 2147483647;
			files = (
				30026EA223E9B7A3000113FA /* LaunchScreen.storyboard in Resources */,
				30026E9F23E9B7A3000113FA /* Assets.xcassets in Resources */,
				30026E9D23E9B7A1000113FA /* Main.storyboard in Resources */,
			);
			runOnlyForDeploymentPostprocessing = 0;
		};
/* End PBXResourcesBuildPhase section */

/* Begin PBXSourcesBuildPhase section */
		30026E8E23E9B7A1000113FA /* Sources */ = {
			isa = PBXSourcesBuildPhase;
			buildActionMask = 2147483647;
			files = (
				309209BF23EA101B0022A179 /* ViewController.swift in Sources */,
				30026E9623E9B7A1000113FA /* AppDelegate.swift in Sources */,
				30026E9823E9B7A1000113FA /* SceneDelegate.swift in Sources */,
			);
			runOnlyForDeploymentPostprocessing = 0;
		};
/* End PBXSourcesBuildPhase section */

/* Begin PBXVariantGroup section */
		30026E9B23E9B7A1000113FA /* Main.storyboard */ = {
			isa = PBXVariantGroup;
			children = (
				30026E9C23E9B7A1000113FA /* Base */,
			);
			name = Main.storyboard;
			sourceTree = "<group>";
		};
		30026EA023E9B7A3000113FA /* LaunchScreen.storyboard */ = {
			isa = PBXVariantGroup;
			children = (
				30026EA123E9B7A3000113FA /* Base */,
			);
			name = LaunchScreen.storyboard;
			sourceTree = "<group>";
		};
/* End PBXVariantGroup section */

/* Begin XCBuildConfiguration section */
		30026EA423E9B7A3000113FA /* Debug */ = {
			isa = XCBuildConfiguration;
			buildSettings = {
				ALWAYS_SEARCH_USER_PATHS = NO;
				CLANG_ANALYZER_NONNULL = YES;
				CLANG_ANALYZER_NUMBER_OBJECT_CONVERSION = YES_AGGRESSIVE;
				CLANG_CXX_LANGUAGE_STANDARD = "gnu++14";
				CLANG_CXX_LIBRARY = "libc++";
				CLANG_ENABLE_MODULES = YES;
				CLANG_ENABLE_OBJC_ARC = YES;
				CLANG_ENABLE_OBJC_WEAK = YES;
				CLANG_WARN_BLOCK_CAPTURE_AUTORELEASING = YES;
				CLANG_WARN_BOOL_CONVERSION = YES;
				CLANG_WARN_COMMA = YES;
				CLANG_WARN_CONSTANT_CONVERSION = YES;
				CLANG_WARN_DEPRECATED_OBJC_IMPLEMENTATIONS = YES;
				CLANG_WARN_DIRECT_OBJC_ISA_USAGE = YES_ERROR;
				CLANG_WARN_DOCUMENTATION_COMMENTS = YES;
				CLANG_WARN_EMPTY_BODY = YES;
				CLANG_WARN_ENUM_CONVERSION = YES;
				CLANG_WARN_INFINITE_RECURSION = YES;
				CLANG_WARN_INT_CONVERSION = YES;
				CLANG_WARN_NON_LITERAL_NULL_CONVERSION = YES;
				CLANG_WARN_OBJC_IMPLICIT_RETAIN_SELF = YES;
				CLANG_WARN_OBJC_LITERAL_CONVERSION = YES;
				CLANG_WARN_OBJC_ROOT_CLASS = YES_ERROR;
				CLANG_WARN_RANGE_LOOP_ANALYSIS = YES;
				CLANG_WARN_STRICT_PROTOTYPES = YES;
				CLANG_WARN_SUSPICIOUS_MOVE = YES;
				CLANG_WARN_UNGUARDED_AVAILABILITY = YES_AGGRESSIVE;
				CLANG_WARN_UNREACHABLE_CODE = YES;
				CLANG_WARN__DUPLICATE_METHOD_MATCH = YES;
				COPY_PHASE_STRIP = NO;
				DEBUG_INFORMATION_FORMAT = dwarf;
				ENABLE_STRICT_OBJC_MSGSEND = YES;
				ENABLE_TESTABILITY = YES;
				GCC_C_LANGUAGE_STANDARD = gnu11;
				GCC_DYNAMIC_NO_PIC = NO;
				GCC_NO_COMMON_BLOCKS = YES;
				GCC_OPTIMIZATION_LEVEL = 0;
				GCC_PREPROCESSOR_DEFINITIONS = (
					"DEBUG=1",
					"$(inherited)",
				);
				GCC_WARN_64_TO_32_BIT_CONVERSION = YES;
				GCC_WARN_ABOUT_RETURN_TYPE = YES_ERROR;
				GCC_WARN_UNDECLARED_SELECTOR = YES;
				GCC_WARN_UNINITIALIZED_AUTOS = YES_AGGRESSIVE;
				GCC_WARN_UNUSED_FUNCTION = YES;
				GCC_WARN_UNUSED_VARIABLE = YES;
				IPHONEOS_DEPLOYMENT_TARGET = 13.2;
				MTL_ENABLE_DEBUG_INFO = INCLUDE_SOURCE;
				MTL_FAST_MATH = YES;
				ONLY_ACTIVE_ARCH = YES;
				SDKROOT = iphoneos;
				SWIFT_ACTIVE_COMPILATION_CONDITIONS = DEBUG;
				SWIFT_OPTIMIZATION_LEVEL = "-Onone";
			};
			name = Debug;
		};
		30026EA523E9B7A3000113FA /* Release */ = {
			isa = XCBuildConfiguration;
			buildSettings = {
				ALWAYS_SEARCH_USER_PATHS = NO;
				CLANG_ANALYZER_NONNULL = YES;
				CLANG_ANALYZER_NUMBER_OBJECT_CONVERSION = YES_AGGRESSIVE;
				CLANG_CXX_LANGUAGE_STANDARD = "gnu++14";
				CLANG_CXX_LIBRARY = "libc++";
				CLANG_ENABLE_MODULES = YES;
				CLANG_ENABLE_OBJC_ARC = YES;
				CLANG_ENABLE_OBJC_WEAK = YES;
				CLANG_WARN_BLOCK_CAPTURE_AUTORELEASING = YES;
				CLANG_WARN_BOOL_CONVERSION = YES;
				CLANG_WARN_COMMA = YES;
				CLANG_WARN_CONSTANT_CONVERSION = YES;
				CLANG_WARN_DEPRECATED_OBJC_IMPLEMENTATIONS = YES;
				CLANG_WARN_DIRECT_OBJC_ISA_USAGE = YES_ERROR;
				CLANG_WARN_DOCUMENTATION_COMMENTS = YES;
				CLANG_WARN_EMPTY_BODY = YES;
				CLANG_WARN_ENUM_CONVERSION = YES;
				CLANG_WARN_INFINITE_RECURSION = YES;
				CLANG_WARN_INT_CONVERSION = YES;
				CLANG_WARN_NON_LITERAL_NULL_CONVERSION = YES;
				CLANG_WARN_OBJC_IMPLICIT_RETAIN_SELF = YES;
				CLANG_WARN_OBJC_LITERAL_CONVERSION = YES;
				CLANG_WARN_OBJC_ROOT_CLASS = YES_ERROR;
				CLANG_WARN_RANGE_LOOP_ANALYSIS = YES;
				CLANG_WARN_STRICT_PROTOTYPES = YES;
				CLANG_WARN_SUSPICIOUS_MOVE = YES;
				CLANG_WARN_UNGUARDED_AVAILABILITY = YES_AGGRESSIVE;
				CLANG_WARN_UNREACHABLE_CODE = YES;
				CLANG_WARN__DUPLICATE_METHOD_MATCH = YES;
				COPY_PHASE_STRIP = NO;
				DEBUG_INFORMATION_FORMAT = "dwarf-with-dsym";
				ENABLE_NS_ASSERTIONS = NO;
				ENABLE_STRICT_OBJC_MSGSEND = YES;
				GCC_C_LANGUAGE_STANDARD = gnu11;
				GCC_NO_COMMON_BLOCKS = YES;
				GCC_WARN_64_TO_32_BIT_CONVERSION = YES;
				GCC_WARN_ABOUT_RETURN_TYPE = YES_ERROR;
				GCC_WARN_UNDECLARED_SELECTOR = YES;
				GCC_WARN_UNINITIALIZED_AUTOS = YES_AGGRESSIVE;
				GCC_WARN_UNUSED_FUNCTION = YES;
				GCC_WARN_UNUSED_VARIABLE = YES;
				IPHONEOS_DEPLOYMENT_TARGET = 13.2;
				MTL_ENABLE_DEBUG_INFO = NO;
				MTL_FAST_MATH = YES;
				SDKROOT = iphoneos;
				SWIFT_COMPILATION_MODE = wholemodule;
				SWIFT_OPTIMIZATION_LEVEL = "-O";
				VALIDATE_PRODUCT = YES;
			};
			name = Release;
		};
		30026EA723E9B7A3000113FA /* Debug */ = {
			isa = XCBuildConfiguration;
			buildSettings = {
				ASSETCATALOG_COMPILER_APPICON_NAME = AppIcon;
				CODE_SIGN_STYLE = Automatic;
				DEVELOPMENT_TEAM = TTN2293JXM;
				INFOPLIST_FILE = KeyBoardHandlingLab/Info.plist;
				LD_RUNPATH_SEARCH_PATHS = (
					"$(inherited)",
					"@executable_path/Frameworks",
				);
				PRODUCT_BUNDLE_IDENTIFIER = com.Jaheed.KeyBoardHandlingLab;
				PRODUCT_NAME = "$(TARGET_NAME)";
				SWIFT_VERSION = 5.0;
				TARGETED_DEVICE_FAMILY = "1,2";
			};
			name = Debug;
		};
		30026EA823E9B7A3000113FA /* Release */ = {
			isa = XCBuildConfiguration;
			buildSettings = {
				ASSETCATALOG_COMPILER_APPICON_NAME = AppIcon;
				CODE_SIGN_STYLE = Automatic;
				DEVELOPMENT_TEAM = TTN2293JXM;
				INFOPLIST_FILE = KeyBoardHandlingLab/Info.plist;
				LD_RUNPATH_SEARCH_PATHS = (
					"$(inherited)",
					"@executable_path/Frameworks",
				);
				PRODUCT_BUNDLE_IDENTIFIER = com.Jaheed.KeyBoardHandlingLab;
				PRODUCT_NAME = "$(TARGET_NAME)";
				SWIFT_VERSION = 5.0;
				TARGETED_DEVICE_FAMILY = "1,2";
			};
			name = Release;
		};
/* End XCBuildConfiguration section */

/* Begin XCConfigurationList section */
		30026E8D23E9B7A1000113FA /* Build configuration list for PBXProject "KeyBoardHandlingLab" */ = {
			isa = XCConfigurationList;
			buildConfigurations = (
				30026EA423E9B7A3000113FA /* Debug */,
				30026EA523E9B7A3000113FA /* Release */,
			);
			defaultConfigurationIsVisible = 0;
			defaultConfigurationName = Release;
		};
		30026EA623E9B7A3000113FA /* Build configuration list for PBXNativeTarget "KeyBoardHandlingLab" */ = {
			isa = XCConfigurationList;
			buildConfigurations = (
				30026EA723E9B7A3000113FA /* Debug */,
				30026EA823E9B7A3000113FA /* Release */,
			);
			defaultConfigurationIsVisible = 0;
			defaultConfigurationName = Release;
		};
/* End XCConfigurationList section */
	};
	rootObject = 30026E8A23E9B7A1000113FA /* Project object */;
}
